
Microsoft Visual Studio Solution File, Format Version 12.00
# Visual Studio Version 17
VisualStudioVersion = 17.0.31903.59
MinimumVisualStudioVersion = 10.0.40219.1
Project("{2150E333-8FDC-42A3-9474-1A3956D46DE8}") = "src", "src", "{827E0CD3-B72D-47B6-A68D-7590B98EB39B}"
EndProject
Project("{FAE04EC0-301F-11D3-BF4B-00C04F79EFBC}") = "Uniboard.Api", "src\Uniboard.Api\Uniboard.Api.csproj", "{0C92AE7D-8D3B-4DA2-8E55-DB1AE2BF0F13}"
EndProject
Project("{FAE04EC0-301F-11D3-BF4B-00C04F79EFBC}") = "Uniboard.Domain", "src\Uniboard.Domain\Uniboard.Domain.csproj", "{691F15AF-AA26-45CA-AD2D-23581873DF51}"
EndProject
Project("{FAE04EC0-301F-11D3-BF4B-00C04F79EFBC}") = "Uniboard.Application", "src\Uniboard.Application\Uniboard.Application.csproj", "{33CE8F5E-3FAB-4596-B370-FEFC4B7BBCA8}"
EndProject
Project("{FAE04EC0-301F-11D3-BF4B-00C04F79EFBC}") = "Uniboard.Infrastructure", "src\Uniboard.Infrastructure\Uniboard.Infrastructure.csproj", "{7072A3F1-1C72-4136-BC0E-E1BB98EA22EC}"
EndProject
Project("{2150E333-8FDC-42A3-9474-1A3956D46DE8}") = "tests", "tests", "{5A6CA1EA-3DD0-49B9-8241-5DA4B5322A80}"
EndProject
Project("{FAE04EC0-301F-11D3-BF4B-00C04F79EFBC}") = "Uniboard.Api.Tests", "tests\Uniboard.Api.Tests\Uniboard.Api.Tests.csproj", "{EAA028BC-E0BA-4C27-A1AF-CC511EBD3D0F}"
EndProject
Project("{FAE04EC0-301F-11D3-BF4B-00C04F79EFBC}") = "Uniboard.Api.IntegrationTests", "tests\Uniboard.Api.IntegrationTests\Uniboard.Api.IntegrationTests.csproj", "{D0BDDFF1-1870-4F01-BCAA-804FA0ED4881}"
EndProject
Global
	GlobalSection(SolutionConfigurationPlatforms) = preSolution
		Debug|Any CPU = Debug|Any CPU
		Debug|x64 = Debug|x64
		Debug|x86 = Debug|x86
		Release|Any CPU = Release|Any CPU
		Release|x64 = Release|x64
		Release|x86 = Release|x86
	EndGlobalSection
	GlobalSection(ProjectConfigurationPlatforms) = postSolution
		{0C92AE7D-8D3B-4DA2-8E55-DB1AE2BF0F13}.Debug|Any CPU.ActiveCfg = Debug|Any CPU
		{0C92AE7D-8D3B-4DA2-8E55-DB1AE2BF0F13}.Debug|Any CPU.Build.0 = Debug|Any CPU
		{0C92AE7D-8D3B-4DA2-8E55-DB1AE2BF0F13}.Debug|x64.ActiveCfg = Debug|Any CPU
		{0C92AE7D-8D3B-4DA2-8E55-DB1AE2BF0F13}.Debug|x64.Build.0 = Debug|Any CPU
		{0C92AE7D-8D3B-4DA2-8E55-DB1AE2BF0F13}.Debug|x86.ActiveCfg = Debug|Any CPU
		{0C92AE7D-8D3B-4DA2-8E55-DB1AE2BF0F13}.Debug|x86.Build.0 = Debug|Any CPU
		{0C92AE7D-8D3B-4DA2-8E55-DB1AE2BF0F13}.Release|Any CPU.ActiveCfg = Release|Any CPU
		{0C92AE7D-8D3B-4DA2-8E55-DB1AE2BF0F13}.Release|Any CPU.Build.0 = Release|Any CPU
		{0C92AE7D-8D3B-4DA2-8E55-DB1AE2BF0F13}.Release|x64.ActiveCfg = Release|Any CPU
		{0C92AE7D-8D3B-4DA2-8E55-DB1AE2BF0F13}.Release|x64.Build.0 = Release|Any CPU
		{0C92AE7D-8D3B-4DA2-8E55-DB1AE2BF0F13}.Release|x86.ActiveCfg = Release|Any CPU
		{0C92AE7D-8D3B-4DA2-8E55-DB1AE2BF0F13}.Release|x86.Build.0 = Release|Any CPU
		{691F15AF-AA26-45CA-AD2D-23581873DF51}.Debug|Any CPU.ActiveCfg = Debug|Any CPU
		{691F15AF-AA26-45CA-AD2D-23581873DF51}.Debug|Any CPU.Build.0 = Debug|Any CPU
		{691F15AF-AA26-45CA-AD2D-23581873DF51}.Debug|x64.ActiveCfg = Debug|Any CPU
		{691F15AF-AA26-45CA-AD2D-23581873DF51}.Debug|x64.Build.0 = Debug|Any CPU
		{691F15AF-AA26-45CA-AD2D-23581873DF51}.Debug|x86.ActiveCfg = Debug|Any CPU
		{691F15AF-AA26-45CA-AD2D-23581873DF51}.Debug|x86.Build.0 = Debug|Any CPU
		{691F15AF-AA26-45CA-AD2D-23581873DF51}.Release|Any CPU.ActiveCfg = Release|Any CPU
		{691F15AF-AA26-45CA-AD2D-23581873DF51}.Release|Any CPU.Build.0 = Release|Any CPU
		{691F15AF-AA26-45CA-AD2D-23581873DF51}.Release|x64.ActiveCfg = Release|Any CPU
		{691F15AF-AA26-45CA-AD2D-23581873DF51}.Release|x64.Build.0 = Release|Any CPU
		{691F15AF-AA26-45CA-AD2D-23581873DF51}.Release|x86.ActiveCfg = Release|Any CPU
		{691F15AF-AA26-45CA-AD2D-23581873DF51}.Release|x86.Build.0 = Release|Any CPU
		{33CE8F5E-3FAB-4596-B370-FEFC4B7BBCA8}.Debug|Any CPU.ActiveCfg = Debug|Any CPU
		{33CE8F5E-3FAB-4596-B370-FEFC4B7BBCA8}.Debug|Any CPU.Build.0 = Debug|Any CPU
		{33CE8F5E-3FAB-4596-B370-FEFC4B7BBCA8}.Debug|x64.ActiveCfg = Debug|Any CPU
		{33CE8F5E-3FAB-4596-B370-FEFC4B7BBCA8}.Debug|x64.Build.0 = Debug|Any CPU
		{33CE8F5E-3FAB-4596-B370-FEFC4B7BBCA8}.Debug|x86.ActiveCfg = Debug|Any CPU
		{33CE8F5E-3FAB-4596-B370-FEFC4B7BBCA8}.Debug|x86.Build.0 = Debug|Any CPU
		{33CE8F5E-3FAB-4596-B370-FEFC4B7BBCA8}.Release|Any CPU.ActiveCfg = Release|Any CPU
		{33CE8F5E-3FAB-4596-B370-FEFC4B7BBCA8}.Release|Any CPU.Build.0 = Release|Any CPU
		{33CE8F5E-3FAB-4596-B370-FEFC4B7BBCA8}.Release|x64.ActiveCfg = Release|Any CPU
		{33CE8F5E-3FAB-4596-B370-FEFC4B7BBCA8}.Release|x64.Build.0 = Release|Any CPU
		{33CE8F5E-3FAB-4596-B370-FEFC4B7BBCA8}.Release|x86.ActiveCfg = Release|Any CPU
		{33CE8F5E-3FAB-4596-B370-FEFC4B7BBCA8}.Release|x86.Build.0 = Release|Any CPU
		{7072A3F1-1C72-4136-BC0E-E1BB98EA22EC}.Debug|Any CPU.ActiveCfg = Debug|Any CPU
		{7072A3F1-1C72-4136-BC0E-E1BB98EA22EC}.Debug|Any CPU.Build.0 = Debug|Any CPU
		{7072A3F1-1C72-4136-BC0E-E1BB98EA22EC}.Debug|x64.ActiveCfg = Debug|Any CPU
		{7072A3F1-1C72-4136-BC0E-E1BB98EA22EC}.Debug|x64.Build.0 = Debug|Any CPU
		{7072A3F1-1C72-4136-BC0E-E1BB98EA22EC}.Debug|x86.ActiveCfg = Debug|Any CPU
		{7072A3F1-1C72-4136-BC0E-E1BB98EA22EC}.Debug|x86.Build.0 = Debug|Any CPU
		{7072A3F1-1C72-4136-BC0E-E1BB98EA22EC}.Release|Any CPU.ActiveCfg = Release|Any CPU
		{7072A3F1-1C72-4136-BC0E-E1BB98EA22EC}.Release|Any CPU.Build.0 = Release|Any CPU
		{7072A3F1-1C72-4136-BC0E-E1BB98EA22EC}.Release|x64.ActiveCfg = Release|Any CPU
		{7072A3F1-1C72-4136-BC0E-E1BB98EA22EC}.Release|x64.Build.0 = Release|Any CPU
		{7072A3F1-1C72-4136-BC0E-E1BB98EA22EC}.Release|x86.ActiveCfg = Release|Any CPU
		{7072A3F1-1C72-4136-BC0E-E1BB98EA22EC}.Release|x86.Build.0 = Release|Any CPU
		{EAA028BC-E0BA-4C27-A1AF-CC511EBD3D0F}.Debug|Any CPU.ActiveCfg = Debug|Any CPU
		{EAA028BC-E0BA-4C27-A1AF-CC511EBD3D0F}.Debug|Any CPU.Build.0 = Debug|Any CPU
		{EAA028BC-E0BA-4C27-A1AF-CC511EBD3D0F}.Debug|x64.ActiveCfg = Debug|Any CPU
		{EAA028BC-E0BA-4C27-A1AF-CC511EBD3D0F}.Debug|x64.Build.0 = Debug|Any CPU
		{EAA028BC-E0BA-4C27-A1AF-CC511EBD3D0F}.Debug|x86.ActiveCfg = Debug|Any CPU
		{EAA028BC-E0BA-4C27-A1AF-CC511EBD3D0F}.Debug|x86.Build.0 = Debug|Any CPU
		{EAA028BC-E0BA-4C27-A1AF-CC511EBD3D0F}.Release|Any CPU.ActiveCfg = Release|Any CPU
		{EAA028BC-E0BA-4C27-A1AF-CC511EBD3D0F}.Release|Any CPU.Build.0 = Release|Any CPU
		{EAA028BC-E0BA-4C27-A1AF-CC511EBD3D0F}.Release|x64.ActiveCfg = Release|Any CPU
		{EAA028BC-E0BA-4C27-A1AF-CC511EBD3D0F}.Release|x64.Build.0 = Release|Any CPU
		{EAA028BC-E0BA-4C27-A1AF-CC511EBD3D0F}.Release|x86.ActiveCfg = Release|Any CPU
		{EAA028BC-E0BA-4C27-A1AF-CC511EBD3D0F}.Release|x86.Build.0 = Release|Any CPU
		{D0BDDFF1-1870-4F01-BCAA-804FA0ED4881}.Debug|Any CPU.ActiveCfg = Debug|Any CPU
		{D0BDDFF1-1870-4F01-BCAA-804FA0ED4881}.Debug|Any CPU.Build.0 = Debug|Any CPU
		{D0BDDFF1-1870-4F01-BCAA-804FA0ED4881}.Debug|x64.ActiveCfg = Debug|Any CPU
		{D0BDDFF1-1870-4F01-BCAA-804FA0ED4881}.Debug|x64.Build.0 = Debug|Any CPU
		{D0BDDFF1-1870-4F01-BCAA-804FA0ED4881}.Debug|x86.ActiveCfg = Debug|Any CPU
		{D0BDDFF1-1870-4F01-BCAA-804FA0ED4881}.Debug|x86.Build.0 = Debug|Any CPU
		{D0BDDFF1-1870-4F01-BCAA-804FA0ED4881}.Release|Any CPU.ActiveCfg = Release|Any CPU
		{D0BDDFF1-1870-4F01-BCAA-804FA0ED4881}.Release|Any CPU.Build.0 = Release|Any CPU
		{D0BDDFF1-1870-4F01-BCAA-804FA0ED4881}.Release|x64.ActiveCfg = Release|Any CPU
		{D0BDDFF1-1870-4F01-BCAA-804FA0ED4881}.Release|x64.Build.0 = Release|Any CPU
		{D0BDDFF1-1870-4F01-BCAA-804FA0ED4881}.Release|x86.ActiveCfg = Release|Any CPU
		{D0BDDFF1-1870-4F01-BCAA-804FA0ED4881}.Release|x86.Build.0 = Release|Any CPU
	EndGlobalSection
	GlobalSection(SolutionProperties) = preSolution
		HideSolutionNode = FALSE
	EndGlobalSection
	GlobalSection(NestedProjects) = preSolution
		{0C92AE7D-8D3B-4DA2-8E55-DB1AE2BF0F13} = {827E0CD3-B72D-47B6-A68D-7590B98EB39B}
		{691F15AF-AA26-45CA-AD2D-23581873DF51} = {827E0CD3-B72D-47B6-A68D-7590B98EB39B}
		{33CE8F5E-3FAB-4596-B370-FEFC4B7BBCA8} = {827E0CD3-B72D-47B6-A68D-7590B98EB39B}
		{7072A3F1-1C72-4136-BC0E-E1BB98EA22EC} = {827E0CD3-B72D-47B6-A68D-7590B98EB39B}
		{EAA028BC-E0BA-4C27-A1AF-CC511EBD3D0F} = {5A6CA1EA-3DD0-49B9-8241-5DA4B5322A80}
		{D0BDDFF1-1870-4F01-BCAA-804FA0ED4881} = {5A6CA1EA-3DD0-49B9-8241-5DA4B5322A80}
	EndGlobalSection
EndGlobal
